
Microsoft Visual Studio Solution File, Format Version 12.00
# Visual Studio Version 16
VisualStudioVersion = 16.0.30611.23
MinimumVisualStudioVersion = 10.0.40219.1
Project("{FAE04EC0-301F-11D3-BF4B-00C04F79EFBC}") = "MessengerBotDebugBridge", "MessengerBotDebugBridge\MessengerBotDebugBridge.csproj", "{42E62397-6E87-46AA-BD10-C40C4B1DE4BE}"
EndProject
Global
	GlobalSection(SolutionConfigurationPlatforms) = preSolution
		Debug|Any CPU = Debug|Any CPU
		Release|Any CPU = Release|Any CPU
	EndGlobalSection
	GlobalSection(ProjectConfigurationPlatforms) = postSolution
		{42E62397-6E87-46AA-BD10-C40C4B1DE4BE}.Debug|Any CPU.ActiveCfg = Debug|Any CPU
		{42E62397-6E87-46AA-BD10-C40C4B1DE4BE}.Debug|Any CPU.Build.0 = Debug|Any CPU
		{42E62397-6E87-46AA-BD10-C40C4B1DE4BE}.Release|Any CPU.ActiveCfg = Release|Any CPU
		{42E62397-6E87-46AA-BD10-C40C4B1DE4BE}.Release|Any CPU.Build.0 = Release|Any CPU
	EndGlobalSection
	GlobalSection(SolutionProperties) = preSolution
		HideSolutionNode = FALSE
	EndGlobalSection
	GlobalSection(ExtensibilityGlobals) = postSolution
		SolutionGuid = {5DE0A6E7-EE91-4A3D-B376-FCBB56B28CCC}
	EndGlobalSection
EndGlobal
